<?xml version="1.0" encoding="utf-8"?>
<Project ToolsVersion="4.0" xmlns="http://schemas.microsoft.com/developer/msbuild/2003">
  <ItemGroup>
    <Filter Include="리소스 파일">
      <UniqueIdentifier>{67DA6AB6-F800-4c08-8B7A-83BB121AAD01}</UniqueIdentifier>
      <Extensions>rc;ico;cur;bmp;dlg;rc2;rct;bin;rgs;gif;jpg;jpeg;jpe;resx;tiff;tif;png;wav;mfcribbon-ms</Extensions>
    </Filter>
    <Filter Include="Scr">
      <UniqueIdentifier>{4a5ca6fd-46c7-4861-aa9f-7fb16c94f3bd}</UniqueIdentifier>
    </Filter>
    <Filter Include="Scr\Main">
      <UniqueIdentifier>{fa986b08-655f-4016-871e-041bc7dd0c97}</UniqueIdentifier>
    </Filter>
    <Filter Include="Base">
      <UniqueIdentifier>{7033cd95-ca96-479b-8ad9-160c07901344}</UniqueIdentifier>
    </Filter>
    <Filter Include="Scr\State">
      <UniqueIdentifier>{bbf55476-938e-4fde-9711-4a1e146c3f69}</UniqueIdentifier>
    </Filter>
    <Filter Include="Scr\State\MainMenu">
      <UniqueIdentifier>{e4b1c733-da46-42f1-97bc-3cd7498e7eed}</UniqueIdentifier>
    </Filter>
    <Filter Include="Scr\State\Mgr">
      <UniqueIdentifier>{8ba64519-feae-469f-a7d9-5869ac59b759}</UniqueIdentifier>
    </Filter>
    <Filter Include="Scr\System">
      <UniqueIdentifier>{564882ad-3974-4580-9b22-59b6c5f36d63}</UniqueIdentifier>
    </Filter>
  </ItemGroup>
  <ItemGroup>
    <ClInclude Include="Main.h">
      <Filter>Scr\Main</Filter>
    </ClInclude>
    <ClInclude Include="framework.h">
      <Filter>Base</Filter>
    </ClInclude>
    <ClInclude Include="Resource.h">
      <Filter>Base</Filter>
    </ClInclude>
    <ClInclude Include="targetver.h">
      <Filter>Base</Filter>
    </ClInclude>
    <ClInclude Include="StageMgr.h">
      <Filter>Scr\State\Mgr</Filter>
    </ClInclude>
    <ClInclude Include="Stage.h">
      <Filter>Scr\State\Mgr</Filter>
    </ClInclude>
    <ClInclude Include="MainMenu.h">
      <Filter>Scr\State\MainMenu</Filter>
    </ClInclude>
    <ClInclude Include="Spelunky.h">
      <Filter>Base</Filter>
    </ClInclude>
    <ClInclude Include="SpriteSheet.h">
      <Filter>Scr\System</Filter>
    </ClInclude>
    <ClInclude Include="InputSystem.h">
      <Filter>Scr\System</Filter>
    </ClInclude>
  </ItemGroup>
  <ItemGroup>
    <ResourceCompile Include="Spelunky.rc">
      <Filter>리소스 파일</Filter>
    </ResourceCompile>
  </ItemGroup>
  <ItemGroup>
    <Image Include="small.ico">
      <Filter>리소스 파일</Filter>
    </Image>
    <Image Include="resource\C1.png">
      <Filter>리소스 파일</Filter>
    </Image>
    <Image Include="resource\C2.png">
      <Filter>리소스 파일</Filter>
    </Image>
    <Image Include="resource\dirttiles.png">
      <Filter>리소스 파일</Filter>
    </Image>
    <Image Include="resource\Snake_Monster.png">
      <Filter>리소스 파일</Filter>
    </Image>
    <Image Include="Spelunky.ico">
      <Filter>리소스 파일</Filter>
    </Image>
  </ItemGroup>
  <ItemGroup>
    <ClCompile Include="Main.cpp">
      <Filter>Scr\Main</Filter>
    </ClCompile>
    <ClCompile Include="StageMgr.cpp">
      <Filter>Scr\State\Mgr</Filter>
    </ClCompile>
    <ClCompile Include="Stage.cpp">
      <Filter>Scr\State\Mgr</Filter>
    </ClCompile>
    <ClCompile Include="MainMenu.cpp">
      <Filter>Scr\State\MainMenu</Filter>
    </ClCompile>
    <ClCompile Include="Spelunky.cpp">
      <Filter>Base</Filter>
    </ClCompile>
    <ClCompile Include="SpriteSheet.cpp">
      <Filter>Scr\System</Filter>
    </ClCompile>
    <ClCompile Include="InputSystem.cpp">
      <Filter>Scr\System</Filter>
    </ClCompile>
  </ItemGroup>
</Project>